
Microsoft Visual Studio Solution File, Format Version 12.00
# Visual Studio Version 16
VisualStudioVersion = 16.0.29613.14
MinimumVisualStudioVersion = 10.0.40219.1
Project("{FAE04EC0-301F-11D3-BF4B-00C04F79EFBC}") = "MyRecipeSofa", "MyRecipeSofa\MyRecipeSofa.csproj", "{E5855CF7-69E5-4CDC-A156-7317604FA768}"
EndProject
Global
	GlobalSection(SolutionConfigurationPlatforms) = preSolution
		Debug|Any CPU = Debug|Any CPU
		Release|Any CPU = Release|Any CPU
	EndGlobalSection
	GlobalSection(ProjectConfigurationPlatforms) = postSolution
		{E5855CF7-69E5-4CDC-A156-7317604FA768}.Debug|Any CPU.ActiveCfg = Debug|Any CPU
		{E5855CF7-69E5-4CDC-A156-7317604FA768}.Debug|Any CPU.Build.0 = Debug|Any CPU
		{E5855CF7-69E5-4CDC-A156-7317604FA768}.Release|Any CPU.ActiveCfg = Release|Any CPU
		{E5855CF7-69E5-4CDC-A156-7317604FA768}.Release|Any CPU.Build.0 = Release|Any CPU
	EndGlobalSection
	GlobalSection(SolutionProperties) = preSolution
		HideSolutionNode = FALSE
	EndGlobalSection
	GlobalSection(ExtensibilityGlobals) = postSolution
		SolutionGuid = {15CD1723-D8BB-4BA5-A3D3-1C71A0D01623}
	EndGlobalSection
EndGlobal
